Microsoft Visual Studio Solution File, Format Version 12.00
# Visual Studio 2012
Project("{FAE04EC0-301F-11D3-BF4B-00C04F79EFBC}") = "Pixel Wall-E", "Pixel Wall-E.csproj", "{1836D560-F15C-474D-A20D-34EBD6E84CEE}"
EndProject
Global
	GlobalSection(SolutionConfigurationPlatforms) = preSolution
	Debug|Any CPU = Debug|Any CPU
	ExportDebug|Any CPU = ExportDebug|Any CPU
	ExportRelease|Any CPU = ExportRelease|Any CPU
	EndGlobalSection
	GlobalSection(ProjectConfigurationPlatforms) = postSolution
		{1836D560-F15C-474D-A20D-34EBD6E84CEE}.Debug|Any CPU.ActiveCfg = Debug|Any CPU
		{1836D560-F15C-474D-A20D-34EBD6E84CEE}.Debug|Any CPU.Build.0 = Debug|Any CPU
		{1836D560-F15C-474D-A20D-34EBD6E84CEE}.ExportDebug|Any CPU.ActiveCfg = ExportDebug|Any CPU
		{1836D560-F15C-474D-A20D-34EBD6E84CEE}.ExportDebug|Any CPU.Build.0 = ExportDebug|Any CPU
		{1836D560-F15C-474D-A20D-34EBD6E84CEE}.ExportRelease|Any CPU.ActiveCfg = ExportRelease|Any CPU
		{1836D560-F15C-474D-A20D-34EBD6E84CEE}.ExportRelease|Any CPU.Build.0 = ExportRelease|Any CPU
	EndGlobalSection
EndGlobal
